
Microsoft Visual Studio Solution File, Format Version 12.00
# Visual Studio Version 17
VisualStudioVersion = 17.3.32825.248
MinimumVisualStudioVersion = 10.0.40219.1
Project("{FAE04EC0-301F-11D3-BF4B-00C04F79EFBC}") = "HomeWork.Api", "HomeWork.Api\HomeWork.Api.csproj", "{9BC123BE-E9B3-4AB2-9B30-E7165C41A9A3}"
EndProject
Global
	GlobalSection(SolutionConfigurationPlatforms) = preSolution
		Debug|Any CPU = Debug|Any CPU
		Release|Any CPU = Release|Any CPU
	EndGlobalSection
	GlobalSection(ProjectConfigurationPlatforms) = postSolution
		{9BC123BE-E9B3-4AB2-9B30-E7165C41A9A3}.Debug|Any CPU.ActiveCfg = Debug|Any CPU
		{9BC123BE-E9B3-4AB2-9B30-E7165C41A9A3}.Debug|Any CPU.Build.0 = Debug|Any CPU
		{9BC123BE-E9B3-4AB2-9B30-E7165C41A9A3}.Release|Any CPU.ActiveCfg = Release|Any CPU
		{9BC123BE-E9B3-4AB2-9B30-E7165C41A9A3}.Release|Any CPU.Build.0 = Release|Any CPU
	EndGlobalSection
	GlobalSection(SolutionProperties) = preSolution
		HideSolutionNode = FALSE
	EndGlobalSection
	GlobalSection(ExtensibilityGlobals) = postSolution
		SolutionGuid = {AEA52525-B958-4A20-833B-A3608C6BD203}
	EndGlobalSection
EndGlobal
